// !$*UTF8*$!
{
	archiveVersion = 1;
	classes = {
	};
	objectVersion = 56;
	objects = {

/* Begin PBXBuildFile section */
		932846072C584CE500D33789 /* ArtworkOfTheDayView.swift in Sources */ = {isa = PBXBuildFile; fileRef = 932846062C584CE500D33789 /* ArtworkOfTheDayView.swift */; };
		9372CA7A2C55A1E20007C01C /* AppDelegate.swift in Sources */ = {isa = PBXBuildFile; fileRef = 9372CA792C55A1E20007C01C /* AppDelegate.swift */; };
		9372CA7C2C55A1E20007C01C /* SceneDelegate.swift in Sources */ = {isa = PBXBuildFile; fileRef = 9372CA7B2C55A1E20007C01C /* SceneDelegate.swift */; };
		9372CA832C55A1E40007C01C /* Assets.xcassets in Resources */ = {isa = PBXBuildFile; fileRef = 9372CA822C55A1E40007C01C /* Assets.xcassets */; };
		9372CA862C55A1E40007C01C /* Base in Resources */ = {isa = PBXBuildFile; fileRef = 9372CA852C55A1E40007C01C /* Base */; };
		9372CA912C55A1E40007C01C /* ExplorartTests.swift in Sources */ = {isa = PBXBuildFile; fileRef = 9372CA902C55A1E40007C01C /* ExplorartTests.swift */; };
		9372CA9B2C55A1E40007C01C /* ExplorartUITests.swift in Sources */ = {isa = PBXBuildFile; fileRef = 9372CA9A2C55A1E40007C01C /* ExplorartUITests.swift */; };
		9372CA9D2C55A1E40007C01C /* ExplorartUITestsLaunchTests.swift in Sources */ = {isa = PBXBuildFile; fileRef = 9372CA9C2C55A1E40007C01C /* ExplorartUITestsLaunchTests.swift */; };
		9372CAB32C55A48F0007C01C /* HomeViewController.swift in Sources */ = {isa = PBXBuildFile; fileRef = 9372CAB22C55A48F0007C01C /* HomeViewController.swift */; };
		9372CAB62C55A4CB0007C01C /* ViewCodeProtocol.swift in Sources */ = {isa = PBXBuildFile; fileRef = 9372CAB52C55A4CB0007C01C /* ViewCodeProtocol.swift */; };
		9372CAB92C55A5920007C01C /* ArtworkListViewController.swift in Sources */ = {isa = PBXBuildFile; fileRef = 9372CAB82C55A5920007C01C /* ArtworkListViewController.swift */; };
		9372CABD2C55A6210007C01C /* Coordinator.swift in Sources */ = {isa = PBXBuildFile; fileRef = 9372CABC2C55A6210007C01C /* Coordinator.swift */; };
		9372CAC02C55A6CD0007C01C /* HomeCoordinator.swift in Sources */ = {isa = PBXBuildFile; fileRef = 9372CABF2C55A6CD0007C01C /* HomeCoordinator.swift */; };
		9372CAC32C55A7560007C01C /* ArtworkListCoordinator.swift in Sources */ = {isa = PBXBuildFile; fileRef = 9372CAC22C55A7560007C01C /* ArtworkListCoordinator.swift */; };
		9372CAC52C55A8080007C01C /* MainCoordinator.swift in Sources */ = {isa = PBXBuildFile; fileRef = 9372CAC42C55A8080007C01C /* MainCoordinator.swift */; };
		9372CAC72C55ACE80007C01C /* DSNameSpace.swift in Sources */ = {isa = PBXBuildFile; fileRef = 9372CAC62C55ACE80007C01C /* DSNameSpace.swift */; };
		9372CACD2C55B32A0007C01C /* HomeViewModel.swift in Sources */ = {isa = PBXBuildFile; fileRef = 9372CACC2C55B32A0007C01C /* HomeViewModel.swift */; };
		9372CAD02C55B43B0007C01C /* EXPService.swift in Sources */ = {isa = PBXBuildFile; fileRef = 9372CACF2C55B43B0007C01C /* EXPService.swift */; };
		9372CAD22C55B4BD0007C01C /* EXPTargetAPI.swift in Sources */ = {isa = PBXBuildFile; fileRef = 9372CAD12C55B4BD0007C01C /* EXPTargetAPI.swift */; };
		9372CAD52C55B55B0007C01C /* HomeAPI.swift in Sources */ = {isa = PBXBuildFile; fileRef = 9372CAD42C55B55B0007C01C /* HomeAPI.swift */; };
		9372CAD72C567B100007C01C /* HomeService.swift in Sources */ = {isa = PBXBuildFile; fileRef = 9372CAD62C567B0F0007C01C /* HomeService.swift */; };
		9372CADA2C567C890007C01C /* Artworks.swift in Sources */ = {isa = PBXBuildFile; fileRef = 9372CAD92C567C890007C01C /* Artworks.swift */; };
		9372CADC2C567FCB0007C01C /* HomeState.swift in Sources */ = {isa = PBXBuildFile; fileRef = 9372CADB2C567FCB0007C01C /* HomeState.swift */; };
		9372CAE22C5683750007C01C /* EXPButton.swift in Sources */ = {isa = PBXBuildFile; fileRef = 9372CAE12C5683750007C01C /* EXPButton.swift */; };
		9372CAE52C56841A0007C01C /* EXPLabel.swift in Sources */ = {isa = PBXBuildFile; fileRef = 9372CAE42C56841A0007C01C /* EXPLabel.swift */; };
		9372CAE82C568C480007C01C /* EXPImageView.swift in Sources */ = {isa = PBXBuildFile; fileRef = 9372CAE72C568C480007C01C /* EXPImageView.swift */; };
/* End PBXBuildFile section */

/* Begin PBXContainerItemProxy section */
		9372CA8D2C55A1E40007C01C /* PBXContainerItemProxy */ = {
			isa = PBXContainerItemProxy;
			containerPortal = 9372CA6E2C55A1E20007C01C /* Project object */;
			proxyType = 1;
			remoteGlobalIDString = 9372CA752C55A1E20007C01C;
			remoteInfo = Explorart;
		};
		9372CA972C55A1E40007C01C /* PBXContainerItemProxy */ = {
			isa = PBXContainerItemProxy;
			containerPortal = 9372CA6E2C55A1E20007C01C /* Project object */;
			proxyType = 1;
			remoteGlobalIDString = 9372CA752C55A1E20007C01C;
			remoteInfo = Explorart;
		};
/* End PBXContainerItemProxy section */

/* Begin PBXFileReference section */
		932846062C584CE500D33789 /* ArtworkOfTheDayView.swift */ = {isa = PBXFileReference; lastKnownFileType = sourcecode.swift; path = ArtworkOfTheDayView.swift; sourceTree = "<group>"; };
		9372CA762C55A1E20007C01C /* Explorart.app */ = {isa = PBXFileReference; explicitFileType = wrapper.application; includeInIndex = 0; path = Explorart.app; sourceTree = BUILT_PRODUCTS_DIR; };
		9372CA792C55A1E20007C01C /* AppDelegate.swift */ = {isa = PBXFileReference; lastKnownFileType = sourcecode.swift; path = AppDelegate.swift; sourceTree = "<group>"; };
		9372CA7B2C55A1E20007C01C /* SceneDelegate.swift */ = {isa = PBXFileReference; lastKnownFileType = sourcecode.swift; path = SceneDelegate.swift; sourceTree = "<group>"; };
		9372CA822C55A1E40007C01C /* Assets.xcassets */ = {isa = PBXFileReference; lastKnownFileType = folder.assetcatalog; path = Assets.xcassets; sourceTree = "<group>"; };
		9372CA852C55A1E40007C01C /* Base */ = {isa = PBXFileReference; lastKnownFileType = file.storyboard; name = Base; path = Base.lproj/LaunchScreen.storyboard; sourceTree = "<group>"; };
		9372CA872C55A1E40007C01C /* Info.plist */ = {isa = PBXFileReference; lastKnownFileType = text.plist.xml; path = Info.plist; sourceTree = "<group>"; };
		9372CA8C2C55A1E40007C01C /* ExplorartTests.xctest */ = {isa = PBXFileReference; explicitFileType = wrapper.cfbundle; includeInIndex = 0; path = ExplorartTests.xctest; sourceTree = BUILT_PRODUCTS_DIR; };
		9372CA902C55A1E40007C01C /* ExplorartTests.swift */ = {isa = PBXFileReference; lastKnownFileType = sourcecode.swift; path = ExplorartTests.swift; sourceTree = "<group>"; };
		9372CA962C55A1E40007C01C /* ExplorartUITests.xctest */ = {isa = PBXFileReference; explicitFileType = wrapper.cfbundle; includeInIndex = 0; path = ExplorartUITests.xctest; sourceTree = BUILT_PRODUCTS_DIR; };
		9372CA9A2C55A1E40007C01C /* ExplorartUITests.swift */ = {isa = PBXFileReference; lastKnownFileType = sourcecode.swift; path = ExplorartUITests.swift; sourceTree = "<group>"; };
		9372CA9C2C55A1E40007C01C /* ExplorartUITestsLaunchTests.swift */ = {isa = PBXFileReference; lastKnownFileType = sourcecode.swift; path = ExplorartUITestsLaunchTests.swift; sourceTree = "<group>"; };
		9372CAB22C55A48F0007C01C /* HomeViewController.swift */ = {isa = PBXFileReference; lastKnownFileType = sourcecode.swift; path = HomeViewController.swift; sourceTree = "<group>"; };
		9372CAB52C55A4CB0007C01C /* ViewCodeProtocol.swift */ = {isa = PBXFileReference; lastKnownFileType = sourcecode.swift; path = ViewCodeProtocol.swift; sourceTree = "<group>"; };
		9372CAB82C55A5920007C01C /* ArtworkListViewController.swift */ = {isa = PBXFileReference; lastKnownFileType = sourcecode.swift; path = ArtworkListViewController.swift; sourceTree = "<group>"; };
		9372CABC2C55A6210007C01C /* Coordinator.swift */ = {isa = PBXFileReference; lastKnownFileType = sourcecode.swift; path = Coordinator.swift; sourceTree = "<group>"; };
		9372CABF2C55A6CD0007C01C /* HomeCoordinator.swift */ = {isa = PBXFileReference; lastKnownFileType = sourcecode.swift; path = HomeCoordinator.swift; sourceTree = "<group>"; };
		9372CAC22C55A7560007C01C /* ArtworkListCoordinator.swift */ = {isa = PBXFileReference; lastKnownFileType = sourcecode.swift; path = ArtworkListCoordinator.swift; sourceTree = "<group>"; };
		9372CAC42C55A8080007C01C /* MainCoordinator.swift */ = {isa = PBXFileReference; lastKnownFileType = sourcecode.swift; path = MainCoordinator.swift; sourceTree = "<group>"; };
		9372CAC62C55ACE80007C01C /* DSNameSpace.swift */ = {isa = PBXFileReference; lastKnownFileType = sourcecode.swift; path = DSNameSpace.swift; sourceTree = "<group>"; };
		9372CACC2C55B32A0007C01C /* HomeViewModel.swift */ = {isa = PBXFileReference; lastKnownFileType = sourcecode.swift; path = HomeViewModel.swift; sourceTree = "<group>"; };
		9372CACF2C55B43B0007C01C /* EXPService.swift */ = {isa = PBXFileReference; lastKnownFileType = sourcecode.swift; path = EXPService.swift; sourceTree = "<group>"; };
		9372CAD12C55B4BD0007C01C /* EXPTargetAPI.swift */ = {isa = PBXFileReference; lastKnownFileType = sourcecode.swift; path = EXPTargetAPI.swift; sourceTree = "<group>"; };
		9372CAD42C55B55B0007C01C /* HomeAPI.swift */ = {isa = PBXFileReference; lastKnownFileType = sourcecode.swift; path = HomeAPI.swift; sourceTree = "<group>"; };
		9372CAD62C567B0F0007C01C /* HomeService.swift */ = {isa = PBXFileReference; lastKnownFileType = sourcecode.swift; path = HomeService.swift; sourceTree = "<group>"; };
		9372CAD92C567C890007C01C /* Artworks.swift */ = {isa = PBXFileReference; lastKnownFileType = sourcecode.swift; path = Artworks.swift; sourceTree = "<group>"; };
		9372CADB2C567FCB0007C01C /* HomeState.swift */ = {isa = PBXFileReference; lastKnownFileType = sourcecode.swift; path = HomeState.swift; sourceTree = "<group>"; };
		9372CAE12C5683750007C01C /* EXPButton.swift */ = {isa = PBXFileReference; lastKnownFileType = sourcecode.swift; path = EXPButton.swift; sourceTree = "<group>"; };
		9372CAE42C56841A0007C01C /* EXPLabel.swift */ = {isa = PBXFileReference; lastKnownFileType = sourcecode.swift; path = EXPLabel.swift; sourceTree = "<group>"; };
		9372CAE72C568C480007C01C /* EXPImageView.swift */ = {isa = PBXFileReference; lastKnownFileType = sourcecode.swift; path = EXPImageView.swift; sourceTree = "<group>"; };
/* End PBXFileReference section */

/* Begin PBXFrameworksBuildPhase section */
		9372CA732C55A1E20007C01C /* Frameworks */ = {
			isa = PBXFrameworksBuildPhase;
			buildActionMask = 2147483647;
			files = (
			);
			runOnlyForDeploymentPostprocessing = 0;
		};
		9372CA892C55A1E40007C01C /* Frameworks */ = {
			isa = PBXFrameworksBuildPhase;
			buildActionMask = 2147483647;
			files = (
			);
			runOnlyForDeploymentPostprocessing = 0;
		};
		9372CA932C55A1E40007C01C /* Frameworks */ = {
			isa = PBXFrameworksBuildPhase;
			buildActionMask = 2147483647;
			files = (
			);
			runOnlyForDeploymentPostprocessing = 0;
		};
/* End PBXFrameworksBuildPhase section */

/* Begin PBXGroup section */
		9372CA6D2C55A1E20007C01C = {
			isa = PBXGroup;
			children = (
				9372CA782C55A1E20007C01C /* Explorart */,
				9372CA8F2C55A1E40007C01C /* ExplorartTests */,
				9372CA992C55A1E40007C01C /* ExplorartUITests */,
				9372CA772C55A1E20007C01C /* Products */,
			);
			sourceTree = "<group>";
		};
		9372CA772C55A1E20007C01C /* Products */ = {
			isa = PBXGroup;
			children = (
				9372CA762C55A1E20007C01C /* Explorart.app */,
				9372CA8C2C55A1E40007C01C /* ExplorartTests.xctest */,
				9372CA962C55A1E40007C01C /* ExplorartUITests.xctest */,
			);
			name = Products;
			sourceTree = "<group>";
		};
		9372CA782C55A1E20007C01C /* Explorart */ = {
			isa = PBXGroup;
			children = (
				9372CABA2C55A5FD0007C01C /* Core */,
				9372CAAE2C55A4510007C01C /* Scenes */,
				9372CAA92C55A3D10007C01C /* DesignSystem */,
				9372CA792C55A1E20007C01C /* AppDelegate.swift */,
				9372CA7B2C55A1E20007C01C /* SceneDelegate.swift */,
				9372CA822C55A1E40007C01C /* Assets.xcassets */,
				9372CA842C55A1E40007C01C /* LaunchScreen.storyboard */,
				9372CA872C55A1E40007C01C /* Info.plist */,
				9372CAC42C55A8080007C01C /* MainCoordinator.swift */,
			);
			path = Explorart;
			sourceTree = "<group>";
		};
		9372CA8F2C55A1E40007C01C /* ExplorartTests */ = {
			isa = PBXGroup;
			children = (
				9372CA902C55A1E40007C01C /* ExplorartTests.swift */,
			);
			path = ExplorartTests;
			sourceTree = "<group>";
		};
		9372CA992C55A1E40007C01C /* ExplorartUITests */ = {
			isa = PBXGroup;
			children = (
				9372CA9A2C55A1E40007C01C /* ExplorartUITests.swift */,
				9372CA9C2C55A1E40007C01C /* ExplorartUITestsLaunchTests.swift */,
			);
			path = ExplorartUITests;
			sourceTree = "<group>";
		};
		9372CAA92C55A3D10007C01C /* DesignSystem */ = {
			isa = PBXGroup;
			children = (
				9372CADF2C56835B0007C01C /* Components */,
				9372CAB42C55A4BC0007C01C /* Foundation */,
			);
			path = DesignSystem;
			sourceTree = "<group>";
		};
		9372CAAE2C55A4510007C01C /* Scenes */ = {
			isa = PBXGroup;
			children = (
				9372CAB02C55A4660007C01C /* ArtworkList */,
				9372CAAF2C55A4580007C01C /* Home */,
			);
			path = Scenes;
			sourceTree = "<group>";
		};
		9372CAAF2C55A4580007C01C /* Home */ = {
			isa = PBXGroup;
			children = (
				9372CAD32C55B54B0007C01C /* Network */,
				9372CACB2C55B2DD0007C01C /* ViewModel */,
				9372CABE2C55A6320007C01C /* Coordinator */,
				9372CAB12C55A4730007C01C /* View */,
			);
			path = Home;
			sourceTree = "<group>";
		};
		9372CAB02C55A4660007C01C /* ArtworkList */ = {
			isa = PBXGroup;
			children = (
				9372CAC12C55A7430007C01C /* Coordinator */,
				9372CAB72C55A5780007C01C /* View */,
			);
			path = ArtworkList;
			sourceTree = "<group>";
		};
		9372CAB12C55A4730007C01C /* View */ = {
			isa = PBXGroup;
			children = (
				9372CAB22C55A48F0007C01C /* HomeViewController.swift */,
				932846062C584CE500D33789 /* ArtworkOfTheDayView.swift */,
			);
			path = View;
			sourceTree = "<group>";
		};
		9372CAB42C55A4BC0007C01C /* Foundation */ = {
			isa = PBXGroup;
			children = (
				9372CAC62C55ACE80007C01C /* DSNameSpace.swift */,
				9372CAB52C55A4CB0007C01C /* ViewCodeProtocol.swift */,
			);
			path = Foundation;
			sourceTree = "<group>";
		};
		9372CAB72C55A5780007C01C /* View */ = {
			isa = PBXGroup;
			children = (
				9372CAB82C55A5920007C01C /* ArtworkListViewController.swift */,
			);
			path = View;
			sourceTree = "<group>";
		};
		9372CABA2C55A5FD0007C01C /* Core */ = {
			isa = PBXGroup;
			children = (
				9372CACE2C55B41D0007C01C /* Network */,
				9372CABB2C55A6070007C01C /* Coordinator */,
			);
			path = Core;
			sourceTree = "<group>";
		};
		9372CABB2C55A6070007C01C /* Coordinator */ = {
			isa = PBXGroup;
			children = (
				9372CABC2C55A6210007C01C /* Coordinator.swift */,
			);
			path = Coordinator;
			sourceTree = "<group>";
		};
		9372CABE2C55A6320007C01C /* Coordinator */ = {
			isa = PBXGroup;
			children = (
				9372CABF2C55A6CD0007C01C /* HomeCoordinator.swift */,
			);
			path = Coordinator;
			sourceTree = "<group>";
		};
		9372CAC12C55A7430007C01C /* Coordinator */ = {
			isa = PBXGroup;
			children = (
				9372CAC22C55A7560007C01C /* ArtworkListCoordinator.swift */,
			);
			path = Coordinator;
			sourceTree = "<group>";
		};
		9372CACB2C55B2DD0007C01C /* ViewModel */ = {
			isa = PBXGroup;
			children = (
				9372CACC2C55B32A0007C01C /* HomeViewModel.swift */,
				9372CADB2C567FCB0007C01C /* HomeState.swift */,
			);
			path = ViewModel;
			sourceTree = "<group>";
		};
		9372CACE2C55B41D0007C01C /* Network */ = {
			isa = PBXGroup;
			children = (
				9372CACF2C55B43B0007C01C /* EXPService.swift */,
				9372CAD12C55B4BD0007C01C /* EXPTargetAPI.swift */,
			);
			path = Network;
			sourceTree = "<group>";
		};
		9372CAD32C55B54B0007C01C /* Network */ = {
			isa = PBXGroup;
			children = (
				9372CAD82C567B780007C01C /* Model */,
				9372CAD42C55B55B0007C01C /* HomeAPI.swift */,
				9372CAD62C567B0F0007C01C /* HomeService.swift */,
			);
			path = Network;
			sourceTree = "<group>";
		};
		9372CAD82C567B780007C01C /* Model */ = {
			isa = PBXGroup;
			children = (
				9372CAD92C567C890007C01C /* Artworks.swift */,
			);
			path = Model;
			sourceTree = "<group>";
		};
		9372CADF2C56835B0007C01C /* Components */ = {
			isa = PBXGroup;
			children = (
				9372CAE62C568C3D0007C01C /* ImageViews */,
				9372CAE32C5683FC0007C01C /* Labels */,
				9372CAE02C5683680007C01C /* Buttons */,
			);
			path = Components;
			sourceTree = "<group>";
		};
		9372CAE02C5683680007C01C /* Buttons */ = {
			isa = PBXGroup;
			children = (
				9372CAE12C5683750007C01C /* EXPButton.swift */,
			);
			path = Buttons;
			sourceTree = "<group>";
		};
		9372CAE32C5683FC0007C01C /* Labels */ = {
			isa = PBXGroup;
			children = (
				9372CAE42C56841A0007C01C /* EXPLabel.swift */,
			);
			path = Labels;
			sourceTree = "<group>";
		};
		9372CAE62C568C3D0007C01C /* ImageViews */ = {
			isa = PBXGroup;
			children = (
				9372CAE72C568C480007C01C /* EXPImageView.swift */,
			);
			path = ImageViews;
			sourceTree = "<group>";
		};
/* End PBXGroup section */

/* Begin PBXNativeTarget section */
		9372CA752C55A1E20007C01C /* Explorart */ = {
			isa = PBXNativeTarget;
			buildConfigurationList = 9372CAA02C55A1E40007C01C /* Build configuration list for PBXNativeTarget "Explorart" */;
			buildPhases = (
				9372CA722C55A1E20007C01C /* Sources */,
				9372CA732C55A1E20007C01C /* Frameworks */,
				9372CA742C55A1E20007C01C /* Resources */,
			);
			buildRules = (
			);
			dependencies = (
			);
			name = Explorart;
			productName = Explorart;
			productReference = 9372CA762C55A1E20007C01C /* Explorart.app */;
			productType = "com.apple.product-type.application";
		};
		9372CA8B2C55A1E40007C01C /* ExplorartTests */ = {
			isa = PBXNativeTarget;
			buildConfigurationList = 9372CAA32C55A1E40007C01C /* Build configuration list for PBXNativeTarget "ExplorartTests" */;
			buildPhases = (
				9372CA882C55A1E40007C01C /* Sources */,
				9372CA892C55A1E40007C01C /* Frameworks */,
				9372CA8A2C55A1E40007C01C /* Resources */,
			);
			buildRules = (
			);
			dependencies = (
				9372CA8E2C55A1E40007C01C /* PBXTargetDependency */,
			);
			name = ExplorartTests;
			productName = ExplorartTests;
			productReference = 9372CA8C2C55A1E40007C01C /* ExplorartTests.xctest */;
			productType = "com.apple.product-type.bundle.unit-test";
		};
		9372CA952C55A1E40007C01C /* ExplorartUITests */ = {
			isa = PBXNativeTarget;
			buildConfigurationList = 9372CAA62C55A1E40007C01C /* Build configuration list for PBXNativeTarget "ExplorartUITests" */;
			buildPhases = (
				9372CA922C55A1E40007C01C /* Sources */,
				9372CA932C55A1E40007C01C /* Frameworks */,
				9372CA942C55A1E40007C01C /* Resources */,
			);
			buildRules = (
			);
			dependencies = (
				9372CA982C55A1E40007C01C /* PBXTargetDependency */,
			);
			name = ExplorartUITests;
			productName = ExplorartUITests;
			productReference = 9372CA962C55A1E40007C01C /* ExplorartUITests.xctest */;
			productType = "com.apple.product-type.bundle.ui-testing";
		};
/* End PBXNativeTarget section */

/* Begin PBXProject section */
		9372CA6E2C55A1E20007C01C /* Project object */ = {
			isa = PBXProject;
			attributes = {
				BuildIndependentTargetsInParallel = 1;
				LastSwiftUpdateCheck = 1540;
				LastUpgradeCheck = 1540;
				TargetAttributes = {
					9372CA752C55A1E20007C01C = {
						CreatedOnToolsVersion = 15.4;
					};
					9372CA8B2C55A1E40007C01C = {
						CreatedOnToolsVersion = 15.4;
						TestTargetID = 9372CA752C55A1E20007C01C;
					};
					9372CA952C55A1E40007C01C = {
						CreatedOnToolsVersion = 15.4;
						TestTargetID = 9372CA752C55A1E20007C01C;
					};
				};
			};
			buildConfigurationList = 9372CA712C55A1E20007C01C /* Build configuration list for PBXProject "Explorart" */;
			compatibilityVersion = "Xcode 14.0";
			developmentRegion = en;
			hasScannedForEncodings = 0;
			knownRegions = (
				en,
				Base,
			);
			mainGroup = 9372CA6D2C55A1E20007C01C;
			productRefGroup = 9372CA772C55A1E20007C01C /* Products */;
			projectDirPath = "";
			projectRoot = "";
			targets = (
				9372CA752C55A1E20007C01C /* Explorart */,
				9372CA8B2C55A1E40007C01C /* ExplorartTests */,
				9372CA952C55A1E40007C01C /* ExplorartUITests */,
			);
		};
/* End PBXProject section */

/* Begin PBXResourcesBuildPhase section */
		9372CA742C55A1E20007C01C /* Resources */ = {
			isa = PBXResourcesBuildPhase;
			buildActionMask = 2147483647;
			files = (
				9372CA832C55A1E40007C01C /* Assets.xcassets in Resources */,
				9372CA862C55A1E40007C01C /* Base in Resources */,
			);
			runOnlyForDeploymentPostprocessing = 0;
		};
		9372CA8A2C55A1E40007C01C /* Resources */ = {
			isa = PBXResourcesBuildPhase;
			buildActionMask = 2147483647;
			files = (
			);
			runOnlyForDeploymentPostprocessing = 0;
		};
		9372CA942C55A1E40007C01C /* Resources */ = {
			isa = PBXResourcesBuildPhase;
			buildActionMask = 2147483647;
			files = (
			);
			runOnlyForDeploymentPostprocessing = 0;
		};
/* End PBXResourcesBuildPhase section */

/* Begin PBXSourcesBuildPhase section */
		9372CA722C55A1E20007C01C /* Sources */ = {
			isa = PBXSourcesBuildPhase;
			buildActionMask = 2147483647;
			files = (
				9372CABD2C55A6210007C01C /* Coordinator.swift in Sources */,
				9372CACD2C55B32A0007C01C /* HomeViewModel.swift in Sources */,
				9372CADC2C567FCB0007C01C /* HomeState.swift in Sources */,
				9372CAE22C5683750007C01C /* EXPButton.swift in Sources */,
				9372CAB92C55A5920007C01C /* ArtworkListViewController.swift in Sources */,
				9372CAE52C56841A0007C01C /* EXPLabel.swift in Sources */,
				9372CAE82C568C480007C01C /* EXPImageView.swift in Sources */,
				9372CAC02C55A6CD0007C01C /* HomeCoordinator.swift in Sources */,
				9372CAC52C55A8080007C01C /* MainCoordinator.swift in Sources */,
				9372CAC72C55ACE80007C01C /* DSNameSpace.swift in Sources */,
				9372CADA2C567C890007C01C /* Artworks.swift in Sources */,
				9372CAB32C55A48F0007C01C /* HomeViewController.swift in Sources */,
				9372CAD52C55B55B0007C01C /* HomeAPI.swift in Sources */,
				9372CAD22C55B4BD0007C01C /* EXPTargetAPI.swift in Sources */,
				9372CAD72C567B100007C01C /* HomeService.swift in Sources */,
				9372CAB62C55A4CB0007C01C /* ViewCodeProtocol.swift in Sources */,
				932846072C584CE500D33789 /* ArtworkOfTheDayView.swift in Sources */,
				9372CA7A2C55A1E20007C01C /* AppDelegate.swift in Sources */,
				9372CAD02C55B43B0007C01C /* EXPService.swift in Sources */,
				9372CA7C2C55A1E20007C01C /* SceneDelegate.swift in Sources */,
				9372CAC32C55A7560007C01C /* ArtworkListCoordinator.swift in Sources */,
			);
			runOnlyForDeploymentPostprocessing = 0;
		};
		9372CA882C55A1E40007C01C /* Sources */ = {
			isa = PBXSourcesBuildPhase;
			buildActionMask = 2147483647;
			files = (
				9372CA912C55A1E40007C01C /* ExplorartTests.swift in Sources */,
			);
			runOnlyForDeploymentPostprocessing = 0;
		};
		9372CA922C55A1E40007C01C /* Sources */ = {
			isa = PBXSourcesBuildPhase;
			buildActionMask = 2147483647;
			files = (
				9372CA9D2C55A1E40007C01C /* ExplorartUITestsLaunchTests.swift in Sources */,
				9372CA9B2C55A1E40007C01C /* ExplorartUITests.swift in Sources */,
			);
			runOnlyForDeploymentPostprocessing = 0;
		};
/* End PBXSourcesBuildPhase section */

/* Begin PBXTargetDependency section */
		9372CA8E2C55A1E40007C01C /* PBXTargetDependency */ = {
			isa = PBXTargetDependency;
			target = 9372CA752C55A1E20007C01C /* Explorart */;
			targetProxy = 9372CA8D2C55A1E40007C01C /* PBXContainerItemProxy */;
		};
		9372CA982C55A1E40007C01C /* PBXTargetDependency */ = {
			isa = PBXTargetDependency;
			target = 9372CA752C55A1E20007C01C /* Explorart */;
			targetProxy = 9372CA972C55A1E40007C01C /* PBXContainerItemProxy */;
		};
/* End PBXTargetDependency section */

/* Begin PBXVariantGroup section */
		9372CA842C55A1E40007C01C /* LaunchScreen.storyboard */ = {
			isa = PBXVariantGroup;
			children = (
				9372CA852C55A1E40007C01C /* Base */,
			);
			name = LaunchScreen.storyboard;
			sourceTree = "<group>";
		};
/* End PBXVariantGroup section */

/* Begin XCBuildConfiguration section */
		9372CA9E2C55A1E40007C01C /* Debug */ = {
			isa = XCBuildConfiguration;
			buildSettings = {
				ALWAYS_SEARCH_USER_PATHS = NO;
				ASSETCATALOG_COMPILER_GENERATE_SWIFT_ASSET_SYMBOL_EXTENSIONS = YES;
				CLANG_ANALYZER_NONNULL = YES;
				CLANG_ANALYZER_NUMBER_OBJECT_CONVERSION = YES_AGGRESSIVE;
				CLANG_CXX_LANGUAGE_STANDARD = "gnu++20";
				CLANG_ENABLE_MODULES = YES;
				CLANG_ENABLE_OBJC_ARC = YES;
				CLANG_ENABLE_OBJC_WEAK = YES;
				CLANG_WARN_BLOCK_CAPTURE_AUTORELEASING = YES;
				CLANG_WARN_BOOL_CONVERSION = YES;
				CLANG_WARN_COMMA = YES;
				CLANG_WARN_CONSTANT_CONVERSION = YES;
				CLANG_WARN_DEPRECATED_OBJC_IMPLEMENTATIONS = YES;
				CLANG_WARN_DIRECT_OBJC_ISA_USAGE = YES_ERROR;
				CLANG_WARN_DOCUMENTATION_COMMENTS = YES;
				CLANG_WARN_EMPTY_BODY = YES;
				CLANG_WARN_ENUM_CONVERSION = YES;
				CLANG_WARN_INFINITE_RECURSION = YES;
				CLANG_WARN_INT_CONVERSION = YES;
				CLANG_WARN_NON_LITERAL_NULL_CONVERSION = YES;
				CLANG_WARN_OBJC_IMPLICIT_RETAIN_SELF = YES;
				CLANG_WARN_OBJC_LITERAL_CONVERSION = YES;
				CLANG_WARN_OBJC_ROOT_CLASS = YES_ERROR;
				CLANG_WARN_QUOTED_INCLUDE_IN_FRAMEWORK_HEADER = YES;
				CLANG_WARN_RANGE_LOOP_ANALYSIS = YES;
				CLANG_WARN_STRICT_PROTOTYPES = YES;
				CLANG_WARN_SUSPICIOUS_MOVE = YES;
				CLANG_WARN_UNGUARDED_AVAILABILITY = YES_AGGRESSIVE;
				CLANG_WARN_UNREACHABLE_CODE = YES;
				CLANG_WARN__DUPLICATE_METHOD_MATCH = YES;
				COPY_PHASE_STRIP = NO;
				DEBUG_INFORMATION_FORMAT = dwarf;
				ENABLE_STRICT_OBJC_MSGSEND = YES;
				ENABLE_TESTABILITY = YES;
				ENABLE_USER_SCRIPT_SANDBOXING = YES;
				GCC_C_LANGUAGE_STANDARD = gnu17;
				GCC_DYNAMIC_NO_PIC = NO;
				GCC_NO_COMMON_BLOCKS = YES;
				GCC_OPTIMIZATION_LEVEL = 0;
				GCC_PREPROCESSOR_DEFINITIONS = (
					"DEBUG=1",
					"$(inherited)",
				);
				GCC_WARN_64_TO_32_BIT_CONVERSION = YES;
				GCC_WARN_ABOUT_RETURN_TYPE = YES_ERROR;
				GCC_WARN_UNDECLARED_SELECTOR = YES;
				GCC_WARN_UNINITIALIZED_AUTOS = YES_AGGRESSIVE;
				GCC_WARN_UNUSED_FUNCTION = YES;
				GCC_WARN_UNUSED_VARIABLE = YES;
				IPHONEOS_DEPLOYMENT_TARGET = 17.5;
				LOCALIZATION_PREFERS_STRING_CATALOGS = YES;
				MTL_ENABLE_DEBUG_INFO = INCLUDE_SOURCE;
				MTL_FAST_MATH = YES;
				ONLY_ACTIVE_ARCH = YES;
				SDKROOT = iphoneos;
				SWIFT_ACTIVE_COMPILATION_CONDITIONS = "DEBUG $(inherited)";
				SWIFT_OPTIMIZATION_LEVEL = "-Onone";
			};
			name = Debug;
		};
		9372CA9F2C55A1E40007C01C /* Release */ = {
			isa = XCBuildConfiguration;
			buildSettings = {
				ALWAYS_SEARCH_USER_PATHS = NO;
				ASSETCATALOG_COMPILER_GENERATE_SWIFT_ASSET_SYMBOL_EXTENSIONS = YES;
				CLANG_ANALYZER_NONNULL = YES;
				CLANG_ANALYZER_NUMBER_OBJECT_CONVERSION = YES_AGGRESSIVE;
				CLANG_CXX_LANGUAGE_STANDARD = "gnu++20";
				CLANG_ENABLE_MODULES = YES;
				CLANG_ENABLE_OBJC_ARC = YES;
				CLANG_ENABLE_OBJC_WEAK = YES;
				CLANG_WARN_BLOCK_CAPTURE_AUTORELEASING = YES;
				CLANG_WARN_BOOL_CONVERSION = YES;
				CLANG_WARN_COMMA = YES;
				CLANG_WARN_CONSTANT_CONVERSION = YES;
				CLANG_WARN_DEPRECATED_OBJC_IMPLEMENTATIONS = YES;
				CLANG_WARN_DIRECT_OBJC_ISA_USAGE = YES_ERROR;
				CLANG_WARN_DOCUMENTATION_COMMENTS = YES;
				CLANG_WARN_EMPTY_BODY = YES;
				CLANG_WARN_ENUM_CONVERSION = YES;
				CLANG_WARN_INFINITE_RECURSION = YES;
				CLANG_WARN_INT_CONVERSION = YES;
				CLANG_WARN_NON_LITERAL_NULL_CONVERSION = YES;
				CLANG_WARN_OBJC_IMPLICIT_RETAIN_SELF = YES;
				CLANG_WARN_OBJC_LITERAL_CONVERSION = YES;
				CLANG_WARN_OBJC_ROOT_CLASS = YES_ERROR;
				CLANG_WARN_QUOTED_INCLUDE_IN_FRAMEWORK_HEADER = YES;
				CLANG_WARN_RANGE_LOOP_ANALYSIS = YES;
				CLANG_WARN_STRICT_PROTOTYPES = YES;
				CLANG_WARN_SUSPICIOUS_MOVE = YES;
				CLANG_WARN_UNGUARDED_AVAILABILITY = YES_AGGRESSIVE;
				CLANG_WARN_UNREACHABLE_CODE = YES;
				CLANG_WARN__DUPLICATE_METHOD_MATCH = YES;
				COPY_PHASE_STRIP = NO;
				DEBUG_INFORMATION_FORMAT = "dwarf-with-dsym";
				ENABLE_NS_ASSERTIONS = NO;
				ENABLE_STRICT_OBJC_MSGSEND = YES;
				ENABLE_USER_SCRIPT_SANDBOXING = YES;
				GCC_C_LANGUAGE_STANDARD = gnu17;
				GCC_NO_COMMON_BLOCKS = YES;
				GCC_WARN_64_TO_32_BIT_CONVERSION = YES;
				GCC_WARN_ABOUT_RETURN_TYPE = YES_ERROR;
				GCC_WARN_UNDECLARED_SELECTOR = YES;
				GCC_WARN_UNINITIALIZED_AUTOS = YES_AGGRESSIVE;
				GCC_WARN_UNUSED_FUNCTION = YES;
				GCC_WARN_UNUSED_VARIABLE = YES;
				IPHONEOS_DEPLOYMENT_TARGET = 17.5;
				LOCALIZATION_PREFERS_STRING_CATALOGS = YES;
				MTL_ENABLE_DEBUG_INFO = NO;
				MTL_FAST_MATH = YES;
				SDKROOT = iphoneos;
				SWIFT_COMPILATION_MODE = wholemodule;
				VALIDATE_PRODUCT = YES;
			};
			name = Release;
		};
		9372CAA12C55A1E40007C01C /* Debug */ = {
			isa = XCBuildConfiguration;
			buildSettings = {
				ASSETCATALOG_COMPILER_APPICON_NAME = AppIcon;
				ASSETCATALOG_COMPILER_GLOBAL_ACCENT_COLOR_NAME = AccentColor;
				CODE_SIGN_STYLE = Automatic;
				CURRENT_PROJECT_VERSION = 1;
				DEVELOPMENT_TEAM = UW22KRKA6S;
				GENERATE_INFOPLIST_FILE = YES;
				INFOPLIST_FILE = Explorart/Info.plist;
				INFOPLIST_KEY_UIApplicationSupportsIndirectInputEvents = YES;
				INFOPLIST_KEY_UILaunchStoryboardName = LaunchScreen;
				INFOPLIST_KEY_UISupportedInterfaceOrientations = UIInterfaceOrientationPortrait;
				LD_RUNPATH_SEARCH_PATHS = (
					"$(inherited)",
					"@executable_path/Frameworks",
				);
				MARKETING_VERSION = 1.0;
				PRODUCT_BUNDLE_IDENTIFIER = com.gustavotiecker.Explorart;
				PRODUCT_NAME = "$(TARGET_NAME)";
				SWIFT_EMIT_LOC_STRINGS = YES;
				SWIFT_VERSION = 5.0;
				TARGETED_DEVICE_FAMILY = "1,2";
			};
			name = Debug;
		};
		9372CAA22C55A1E40007C01C /* Release */ = {
			isa = XCBuildConfiguration;
			buildSettings = {
				ASSETCATALOG_COMPILER_APPICON_NAME = AppIcon;
				ASSETCATALOG_COMPILER_GLOBAL_ACCENT_COLOR_NAME = AccentColor;
				CODE_SIGN_STYLE = Automatic;
				CURRENT_PROJECT_VERSION = 1;
				DEVELOPMENT_TEAM = UW22KRKA6S;
				GENERATE_INFOPLIST_FILE = YES;
				INFOPLIST_FILE = Explorart/Info.plist;
				INFOPLIST_KEY_UIApplicationSupportsIndirectInputEvents = YES;
				INFOPLIST_KEY_UILaunchStoryboardName = LaunchScreen;
				INFOPLIST_KEY_UISupportedInterfaceOrientations = UIInterfaceOrientationPortrait;
				LD_RUNPATH_SEARCH_PATHS = (
					"$(inherited)",
					"@executable_path/Frameworks",
				);
				MARKETING_VERSION = 1.0;
				PRODUCT_BUNDLE_IDENTIFIER = com.gustavotiecker.Explorart;
				PRODUCT_NAME = "$(TARGET_NAME)";
				SWIFT_EMIT_LOC_STRINGS = YES;
				SWIFT_VERSION = 5.0;
				TARGETED_DEVICE_FAMILY = "1,2";
			};
			name = Release;
		};
		9372CAA42C55A1E40007C01C /* Debug */ = {
			isa = XCBuildConfiguration;
			buildSettings = {
				ALWAYS_EMBED_SWIFT_STANDARD_LIBRARIES = YES;
				BUNDLE_LOADER = "$(TEST_HOST)";
				CODE_SIGN_STYLE = Automatic;
				CURRENT_PROJECT_VERSION = 1;
				DEVELOPMENT_TEAM = UW22KRKA6S;
				GENERATE_INFOPLIST_FILE = YES;
				IPHONEOS_DEPLOYMENT_TARGET = 17.5;
				MARKETING_VERSION = 1.0;
				PRODUCT_BUNDLE_IDENTIFIER = com.gustavotiecker.ExplorartTests;
				PRODUCT_NAME = "$(TARGET_NAME)";
				SWIFT_EMIT_LOC_STRINGS = NO;
				SWIFT_VERSION = 5.0;
				TARGETED_DEVICE_FAMILY = "1,2";
				TEST_HOST = "$(BUILT_PRODUCTS_DIR)/Explorart.app/$(BUNDLE_EXECUTABLE_FOLDER_PATH)/Explorart";
			};
			name = Debug;
		};
		9372CAA52C55A1E40007C01C /* Release */ = {
			isa = XCBuildConfiguration;
			buildSettings = {
				ALWAYS_EMBED_SWIFT_STANDARD_LIBRARIES = YES;
				BUNDLE_LOADER = "$(TEST_HOST)";
				CODE_SIGN_STYLE = Automatic;
				CURRENT_PROJECT_VERSION = 1;
				DEVELOPMENT_TEAM = UW22KRKA6S;
				GENERATE_INFOPLIST_FILE = YES;
				IPHONEOS_DEPLOYMENT_TARGET = 17.5;
				MARKETING_VERSION = 1.0;
				PRODUCT_BUNDLE_IDENTIFIER = com.gustavotiecker.ExplorartTests;
				PRODUCT_NAME = "$(TARGET_NAME)";
				SWIFT_EMIT_LOC_STRINGS = NO;
				SWIFT_VERSION = 5.0;
				TARGETED_DEVICE_FAMILY = "1,2";
				TEST_HOST = "$(BUILT_PRODUCTS_DIR)/Explorart.app/$(BUNDLE_EXECUTABLE_FOLDER_PATH)/Explorart";
			};
			name = Release;
		};
		9372CAA72C55A1E40007C01C /* Debug */ = {
			isa = XCBuildConfiguration;
			buildSettings = {
				ALWAYS_EMBED_SWIFT_STANDARD_LIBRARIES = YES;
				CODE_SIGN_STYLE = Automatic;
				CURRENT_PROJECT_VERSION = 1;
				DEVELOPMENT_TEAM = UW22KRKA6S;
				GENERATE_INFOPLIST_FILE = YES;
				MARKETING_VERSION = 1.0;
				PRODUCT_BUNDLE_IDENTIFIER = com.gustavotiecker.ExplorartUITests;
				PRODUCT_NAME = "$(TARGET_NAME)";
				SWIFT_EMIT_LOC_STRINGS = NO;
				SWIFT_VERSION = 5.0;
				TARGETED_DEVICE_FAMILY = "1,2";
				TEST_TARGET_NAME = Explorart;
			};
			name = Debug;
		};
		9372CAA82C55A1E40007C01C /* Release */ = {
			isa = XCBuildConfiguration;
			buildSettings = {
				ALWAYS_EMBED_SWIFT_STANDARD_LIBRARIES = YES;
				CODE_SIGN_STYLE = Automatic;
				CURRENT_PROJECT_VERSION = 1;
				DEVELOPMENT_TEAM = UW22KRKA6S;
				GENERATE_INFOPLIST_FILE = YES;
				MARKETING_VERSION = 1.0;
				PRODUCT_BUNDLE_IDENTIFIER = com.gustavotiecker.ExplorartUITests;
				PRODUCT_NAME = "$(TARGET_NAME)";
				SWIFT_EMIT_LOC_STRINGS = NO;
				SWIFT_VERSION = 5.0;
				TARGETED_DEVICE_FAMILY = "1,2";
				TEST_TARGET_NAME = Explorart;
			};
			name = Release;
		};
/* End XCBuildConfiguration section */

/* Begin XCConfigurationList section */
		9372CA712C55A1E20007C01C /* Build configuration list for PBXProject "Explorart" */ = {
			isa = XCConfigurationList;
			buildConfigurations = (
				9372CA9E2C55A1E40007C01C /* Debug */,
				9372CA9F2C55A1E40007C01C /* Release */,
			);
			defaultConfigurationIsVisible = 0;
			defaultConfigurationName = Release;
		};
		9372CAA02C55A1E40007C01C /* Build configuration list for PBXNativeTarget "Explorart" */ = {
			isa = XCConfigurationList;
			buildConfigurations = (
				9372CAA12C55A1E40007C01C /* Debug */,
				9372CAA22C55A1E40007C01C /* Release */,
			);
			defaultConfigurationIsVisible = 0;
			defaultConfigurationName = Release;
		};
		9372CAA32C55A1E40007C01C /* Build configuration list for PBXNativeTarget "ExplorartTests" */ = {
			isa = XCConfigurationList;
			buildConfigurations = (
				9372CAA42C55A1E40007C01C /* Debug */,
				9372CAA52C55A1E40007C01C /* Release */,
			);
			defaultConfigurationIsVisible = 0;
			defaultConfigurationName = Release;
		};
		9372CAA62C55A1E40007C01C /* Build configuration list for PBXNativeTarget "ExplorartUITests" */ = {
			isa = XCConfigurationList;
			buildConfigurations = (
				9372CAA72C55A1E40007C01C /* Debug */,
				9372CAA82C55A1E40007C01C /* Release */,
			);
			defaultConfigurationIsVisible = 0;
			defaultConfigurationName = Release;
		};
/* End XCConfigurationList section */
	};
	rootObject = 9372CA6E2C55A1E20007C01C /* Project object */;
}
